
Microsoft Visual Studio Solution File, Format Version 12.00
# Visual Studio Version 17
VisualStudioVersion = 17.11.35327.3
MinimumVisualStudioVersion = 10.0.40219.1
Project("{FAE04EC0-301F-11D3-BF4B-00C04F79EFBC}") = "Project08_RapidApiCurrency", "Project08_RapidApiCurrency.csproj", "{BBAB2630-4AE0-4AE6-8EAD-F3A66C4A050E}"
EndProject
Global
	GlobalSection(SolutionConfigurationPlatforms) = preSolution
		Debug|Any CPU = Debug|Any CPU
		Release|Any CPU = Release|Any CPU
	EndGlobalSection
	GlobalSection(ProjectConfigurationPlatforms) = postSolution
		{BBAB2630-4AE0-4AE6-8EAD-F3A66C4A050E}.Debug|Any CPU.ActiveCfg = Debug|Any CPU
		{BBAB2630-4AE0-4AE6-8EAD-F3A66C4A050E}.Debug|Any CPU.Build.0 = Debug|Any CPU
		{BBAB2630-4AE0-4AE6-8EAD-F3A66C4A050E}.Release|Any CPU.ActiveCfg = Release|Any CPU
		{BBAB2630-4AE0-4AE6-8EAD-F3A66C4A050E}.Release|Any CPU.Build.0 = Release|Any CPU
	EndGlobalSection
	GlobalSection(SolutionProperties) = preSolution
		HideSolutionNode = FALSE
	EndGlobalSection
	GlobalSection(ExtensibilityGlobals) = postSolution
		SolutionGuid = {6A8737F6-910B-46B1-9F6A-83908265FBFF}
	EndGlobalSection
EndGlobal
